
Microsoft Visual Studio Solution File, Format Version 12.00
# Visual Studio Version 16
VisualStudioVersion = 16.0.32002.261
MinimumVisualStudioVersion = 10.0.40219.1
Project("{FAE04EC0-301F-11D3-BF4B-00C04F79EFBC}") = "patikaWeek1", "patikaWeek1\patikaWeek1.csproj", "{4A22D8FE-0CED-4105-AC4A-84F3C22546C2}"
EndProject
Global
	GlobalSection(SolutionConfigurationPlatforms) = preSolution
		Debug|Any CPU = Debug|Any CPU
		Release|Any CPU = Release|Any CPU
	EndGlobalSection
	GlobalSection(ProjectConfigurationPlatforms) = postSolution
		{4A22D8FE-0CED-4105-AC4A-84F3C22546C2}.Debug|Any CPU.ActiveCfg = Debug|Any CPU
		{4A22D8FE-0CED-4105-AC4A-84F3C22546C2}.Debug|Any CPU.Build.0 = Debug|Any CPU
		{4A22D8FE-0CED-4105-AC4A-84F3C22546C2}.Release|Any CPU.ActiveCfg = Release|Any CPU
		{4A22D8FE-0CED-4105-AC4A-84F3C22546C2}.Release|Any CPU.Build.0 = Release|Any CPU
	EndGlobalSection
	GlobalSection(SolutionProperties) = preSolution
		HideSolutionNode = FALSE
	EndGlobalSection
	GlobalSection(ExtensibilityGlobals) = postSolution
		SolutionGuid = {77EC5391-44CF-4B18-9FAC-88453AF347C4}
	EndGlobalSection
EndGlobal
